
Microsoft Visual Studio Solution File, Format Version 12.00
# Visual Studio 2012
Project("{FAE04EC0-301F-11D3-BF4B-00C04F79EFBC}") = "RequestModifier", "RequestModifier\RequestModifier.csproj", "{108980FF-7460-4880-A70D-BB4B877E5C11}"
EndProject
Global
	GlobalSection(SolutionConfigurationPlatforms) = preSolution
		Debug|Any CPU = Debug|Any CPU
		Release|Any CPU = Release|Any CPU
	EndGlobalSection
	GlobalSection(ProjectConfigurationPlatforms) = postSolution
		{108980FF-7460-4880-A70D-BB4B877E5C11}.Debug|Any CPU.ActiveCfg = Debug|Any CPU
		{108980FF-7460-4880-A70D-BB4B877E5C11}.Debug|Any CPU.Build.0 = Debug|Any CPU
		{108980FF-7460-4880-A70D-BB4B877E5C11}.Release|Any CPU.ActiveCfg = Release|Any CPU
		{108980FF-7460-4880-A70D-BB4B877E5C11}.Release|Any CPU.Build.0 = Release|Any CPU
	EndGlobalSection
	GlobalSection(SolutionProperties) = preSolution
		HideSolutionNode = FALSE
	EndGlobalSection
EndGlobal
