
Microsoft Visual Studio Solution File, Format Version 12.00
# Visual Studio 15
VisualStudioVersion = 15.0.27130.2010
MinimumVisualStudioVersion = 10.0.40219.1
Project("{FAE04EC0-301F-11D3-BF4B-00C04F79EFBC}") = "ScanProjectManagement", "ScanProjectManagement\ScanProjectManagement.csproj", "{5B30ECFE-0041-4D7F-AE3E-3B72EE52B3F1}"
EndProject
Global
	GlobalSection(SolutionConfigurationPlatforms) = preSolution
		CD_ROM|Any CPU = CD_ROM|Any CPU
		Debug|Any CPU = Debug|Any CPU
		DVD-5|Any CPU = DVD-5|Any CPU
		Release|Any CPU = Release|Any CPU
		SingleImage|Any CPU = SingleImage|Any CPU
	EndGlobalSection
	GlobalSection(ProjectConfigurationPlatforms) = postSolution
		{5B30ECFE-0041-4D7F-AE3E-3B72EE52B3F1}.CD_ROM|Any CPU.ActiveCfg = Release|Any CPU
		{5B30ECFE-0041-4D7F-AE3E-3B72EE52B3F1}.CD_ROM|Any CPU.Build.0 = Release|Any CPU
		{5B30ECFE-0041-4D7F-AE3E-3B72EE52B3F1}.Debug|Any CPU.ActiveCfg = Debug|Any CPU
		{5B30ECFE-0041-4D7F-AE3E-3B72EE52B3F1}.Debug|Any CPU.Build.0 = Debug|Any CPU
		{5B30ECFE-0041-4D7F-AE3E-3B72EE52B3F1}.DVD-5|Any CPU.ActiveCfg = Debug|Any CPU
		{5B30ECFE-0041-4D7F-AE3E-3B72EE52B3F1}.DVD-5|Any CPU.Build.0 = Debug|Any CPU
		{5B30ECFE-0041-4D7F-AE3E-3B72EE52B3F1}.Release|Any CPU.ActiveCfg = Release|Any CPU
		{5B30ECFE-0041-4D7F-AE3E-3B72EE52B3F1}.Release|Any CPU.Build.0 = Release|Any CPU
		{5B30ECFE-0041-4D7F-AE3E-3B72EE52B3F1}.SingleImage|Any CPU.ActiveCfg = Release|Any CPU
		{5B30ECFE-0041-4D7F-AE3E-3B72EE52B3F1}.SingleImage|Any CPU.Build.0 = Release|Any CPU
	EndGlobalSection
	GlobalSection(SolutionProperties) = preSolution
		HideSolutionNode = FALSE
	EndGlobalSection
	GlobalSection(ExtensibilityGlobals) = postSolution
		SolutionGuid = {0B56B441-4704-4570-B264-8DE701D9C0F4}
	EndGlobalSection
EndGlobal
